
Microsoft Visual Studio Solution File, Format Version 12.00
# Visual Studio Version 16
VisualStudioVersion = 16.0.29411.108
MinimumVisualStudioVersion = 10.0.40219.1
Project("{FAE04EC0-301F-11D3-BF4B-00C04F79EFBC}") = "ContagemEspacosVogais", "ContagemEspacosVogais.csproj", "{F15C4CDA-F299-40A0-87BC-F1176CC6639F}"
EndProject
Global
	GlobalSection(SolutionConfigurationPlatforms) = preSolution
		Debug|Any CPU = Debug|Any CPU
		Release|Any CPU = Release|Any CPU
	EndGlobalSection
	GlobalSection(ProjectConfigurationPlatforms) = postSolution
		{F15C4CDA-F299-40A0-87BC-F1176CC6639F}.Debug|Any CPU.ActiveCfg = Debug|Any CPU
		{F15C4CDA-F299-40A0-87BC-F1176CC6639F}.Debug|Any CPU.Build.0 = Debug|Any CPU
		{F15C4CDA-F299-40A0-87BC-F1176CC6639F}.Release|Any CPU.ActiveCfg = Release|Any CPU
		{F15C4CDA-F299-40A0-87BC-F1176CC6639F}.Release|Any CPU.Build.0 = Release|Any CPU
	EndGlobalSection
	GlobalSection(SolutionProperties) = preSolution
		HideSolutionNode = FALSE
	EndGlobalSection
	GlobalSection(ExtensibilityGlobals) = postSolution
		SolutionGuid = {C0B51CD4-EF1F-46F8-9F97-1D978B4718FD}
	EndGlobalSection
EndGlobal
